
Microsoft Visual Studio Solution File, Format Version 12.00
# Visual Studio Version 17
VisualStudioVersion = 17.9.34622.214
MinimumVisualStudioVersion = 10.0.40219.1
Project("{FAE04EC0-301F-11D3-BF4B-00C04F79EFBC}") = "ejercicio_guia#4.2", "ejercicio_guia#4.2\ejercicio_guia#4.2.csproj", "{DC11571D-B758-4541-AAFB-32A07977BE74}"
EndProject
Global
	GlobalSection(SolutionConfigurationPlatforms) = preSolution
		Debug|Any CPU = Debug|Any CPU
		Release|Any CPU = Release|Any CPU
	EndGlobalSection
	GlobalSection(ProjectConfigurationPlatforms) = postSolution
		{DC11571D-B758-4541-AAFB-32A07977BE74}.Debug|Any CPU.ActiveCfg = Debug|Any CPU
		{DC11571D-B758-4541-AAFB-32A07977BE74}.Debug|Any CPU.Build.0 = Debug|Any CPU
		{DC11571D-B758-4541-AAFB-32A07977BE74}.Release|Any CPU.ActiveCfg = Release|Any CPU
		{DC11571D-B758-4541-AAFB-32A07977BE74}.Release|Any CPU.Build.0 = Release|Any CPU
	EndGlobalSection
	GlobalSection(SolutionProperties) = preSolution
		HideSolutionNode = FALSE
	EndGlobalSection
	GlobalSection(ExtensibilityGlobals) = postSolution
		SolutionGuid = {83DC0648-73AF-4F0F-8661-FAE5DB9EE459}
	EndGlobalSection
EndGlobal
